
Microsoft Visual Studio Solution File, Format Version 12.00
# Visual Studio 15
VisualStudioVersion = 15.0.28010.2016
MinimumVisualStudioVersion = 10.0.40219.1
Project("{FAE04EC0-301F-11D3-BF4B-00C04F79EFBC}") = "M4PL.Web.Tests", "M4PL.Web.Tests.csproj", "{A1359EDC-6319-4ADA-B46D-3080F8D0E00F}"
EndProject
Global
	GlobalSection(SolutionConfigurationPlatforms) = preSolution
		Debug|Any CPU = Debug|Any CPU
		Release|Any CPU = Release|Any CPU
	EndGlobalSection
	GlobalSection(ProjectConfigurationPlatforms) = postSolution
		{A1359EDC-6319-4ADA-B46D-3080F8D0E00F}.Debug|Any CPU.ActiveCfg = Debug|Any CPU
		{A1359EDC-6319-4ADA-B46D-3080F8D0E00F}.Debug|Any CPU.Build.0 = Debug|Any CPU
		{A1359EDC-6319-4ADA-B46D-3080F8D0E00F}.Release|Any CPU.ActiveCfg = Release|Any CPU
		{A1359EDC-6319-4ADA-B46D-3080F8D0E00F}.Release|Any CPU.Build.0 = Release|Any CPU
	EndGlobalSection
	GlobalSection(SolutionProperties) = preSolution
		HideSolutionNode = FALSE
	EndGlobalSection
	GlobalSection(ExtensibilityGlobals) = postSolution
		SolutionGuid = {5A780B79-A1C8-4BA4-BAEA-4C426EE2ACA3}
	EndGlobalSection
EndGlobal
