
Microsoft Visual Studio Solution File, Format Version 12.00
# Visual Studio 2013
VisualStudioVersion = 12.0.31101.0
MinimumVisualStudioVersion = 10.0.40219.1
Project("{FAE04EC0-301F-11D3-BF4B-00C04F79EFBC}") = "M4PL.Web", "M4PL.Apln\M4PL.Web.csproj", "{3D210290-9CC4-43FB-8428-DFEA757CF5E9}"
EndProject
Project("{FAE04EC0-301F-11D3-BF4B-00C04F79EFBC}") = "M4PL.DataAccess", "..\M4PL.API.DAL\M4PL.DataAccess.csproj", "{198A7621-F23F-45EE-A557-035ADE3350EF}"
EndProject
Project("{FAE04EC0-301F-11D3-BF4B-00C04F79EFBC}") = "M4PL.Business", "..\M4PL.BAL\M4PL.Business.csproj", "{FADEC1DB-1664-4001-B675-5680CC972E41}"
EndProject
Project("{FAE04EC0-301F-11D3-BF4B-00C04F79EFBC}") = "M4PL.CommonUtils", "..\M4PL.API.CommonUtils\M4PL.CommonUtils.csproj", "{E16544A5-5F43-4D2A-9922-0C4710E8208D}"
EndProject
Project("{FAE04EC0-301F-11D3-BF4B-00C04F79EFBC}") = "M4PL.Entities", "..\M4PL.Entities\M4PL.Entities.csproj", "{8C1D09FF-CF1A-480D-9174-B194E39BB13A}"
EndProject
Project("{FAE04EC0-301F-11D3-BF4B-00C04F79EFBC}") = "M4PL.SQLDatabase", "..\M4PL.SQLDatabase\M4PL.SQLDatabase.csproj", "{375A8F99-89E2-4AD2-98C6-49A0EC8F3479}"
EndProject
Project("{FAE04EC0-301F-11D3-BF4B-00C04F79EFBC}") = "M4PL.API", "..\M4PL.API\M4PL.API.csproj", "{C8947C60-C9B3-44BD-AAE8-00C4FCB767D3}"
EndProject
Project("{FAE04EC0-301F-11D3-BF4B-00C04F79EFBC}") = "M4PL.APIClient", "..\M4PL.APIClient\M4PL.APIClient.csproj", "{6B93C3A9-0CA0-4AE6-BB01-68D3B6A964C4}"
EndProject
Global
	GlobalSection(SolutionConfigurationPlatforms) = preSolution
		Debug|Any CPU = Debug|Any CPU
		Release|Any CPU = Release|Any CPU
	EndGlobalSection
	GlobalSection(ProjectConfigurationPlatforms) = postSolution
		{3D210290-9CC4-43FB-8428-DFEA757CF5E9}.Debug|Any CPU.ActiveCfg = Debug|Any CPU
		{3D210290-9CC4-43FB-8428-DFEA757CF5E9}.Debug|Any CPU.Build.0 = Debug|Any CPU
		{3D210290-9CC4-43FB-8428-DFEA757CF5E9}.Release|Any CPU.ActiveCfg = Release|Any CPU
		{3D210290-9CC4-43FB-8428-DFEA757CF5E9}.Release|Any CPU.Build.0 = Release|Any CPU
		{198A7621-F23F-45EE-A557-035ADE3350EF}.Debug|Any CPU.ActiveCfg = Debug|Any CPU
		{198A7621-F23F-45EE-A557-035ADE3350EF}.Debug|Any CPU.Build.0 = Debug|Any CPU
		{198A7621-F23F-45EE-A557-035ADE3350EF}.Release|Any CPU.ActiveCfg = Release|Any CPU
		{198A7621-F23F-45EE-A557-035ADE3350EF}.Release|Any CPU.Build.0 = Release|Any CPU
		{FADEC1DB-1664-4001-B675-5680CC972E41}.Debug|Any CPU.ActiveCfg = Debug|Any CPU
		{FADEC1DB-1664-4001-B675-5680CC972E41}.Debug|Any CPU.Build.0 = Debug|Any CPU
		{FADEC1DB-1664-4001-B675-5680CC972E41}.Release|Any CPU.ActiveCfg = Release|Any CPU
		{FADEC1DB-1664-4001-B675-5680CC972E41}.Release|Any CPU.Build.0 = Release|Any CPU
		{E16544A5-5F43-4D2A-9922-0C4710E8208D}.Debug|Any CPU.ActiveCfg = Debug|Any CPU
		{E16544A5-5F43-4D2A-9922-0C4710E8208D}.Debug|Any CPU.Build.0 = Debug|Any CPU
		{E16544A5-5F43-4D2A-9922-0C4710E8208D}.Release|Any CPU.ActiveCfg = Release|Any CPU
		{E16544A5-5F43-4D2A-9922-0C4710E8208D}.Release|Any CPU.Build.0 = Release|Any CPU
		{8C1D09FF-CF1A-480D-9174-B194E39BB13A}.Debug|Any CPU.ActiveCfg = Debug|Any CPU
		{8C1D09FF-CF1A-480D-9174-B194E39BB13A}.Debug|Any CPU.Build.0 = Debug|Any CPU
		{8C1D09FF-CF1A-480D-9174-B194E39BB13A}.Release|Any CPU.ActiveCfg = Release|Any CPU
		{8C1D09FF-CF1A-480D-9174-B194E39BB13A}.Release|Any CPU.Build.0 = Release|Any CPU
		{375A8F99-89E2-4AD2-98C6-49A0EC8F3479}.Debug|Any CPU.ActiveCfg = Debug|Any CPU
		{375A8F99-89E2-4AD2-98C6-49A0EC8F3479}.Debug|Any CPU.Build.0 = Debug|Any CPU
		{375A8F99-89E2-4AD2-98C6-49A0EC8F3479}.Release|Any CPU.ActiveCfg = Release|Any CPU
		{375A8F99-89E2-4AD2-98C6-49A0EC8F3479}.Release|Any CPU.Build.0 = Release|Any CPU
		{C8947C60-C9B3-44BD-AAE8-00C4FCB767D3}.Debug|Any CPU.ActiveCfg = Debug|Any CPU
		{C8947C60-C9B3-44BD-AAE8-00C4FCB767D3}.Debug|Any CPU.Build.0 = Debug|Any CPU
		{C8947C60-C9B3-44BD-AAE8-00C4FCB767D3}.Release|Any CPU.ActiveCfg = Release|Any CPU
		{C8947C60-C9B3-44BD-AAE8-00C4FCB767D3}.Release|Any CPU.Build.0 = Release|Any CPU
		{6B93C3A9-0CA0-4AE6-BB01-68D3B6A964C4}.Debug|Any CPU.ActiveCfg = Debug|Any CPU
		{6B93C3A9-0CA0-4AE6-BB01-68D3B6A964C4}.Debug|Any CPU.Build.0 = Debug|Any CPU
		{6B93C3A9-0CA0-4AE6-BB01-68D3B6A964C4}.Release|Any CPU.ActiveCfg = Release|Any CPU
		{6B93C3A9-0CA0-4AE6-BB01-68D3B6A964C4}.Release|Any CPU.Build.0 = Release|Any CPU
	EndGlobalSection
	GlobalSection(SolutionProperties) = preSolution
		HideSolutionNode = FALSE
	EndGlobalSection
EndGlobal
