
Microsoft Visual Studio Solution File, Format Version 12.00
# Visual Studio Version 16
VisualStudioVersion = 16.0.31205.134
MinimumVisualStudioVersion = 10.0.40219.1
Project("{FAE04EC0-301F-11D3-BF4B-00C04F79EFBC}") = "M4PL.APIClient", "M4PL.APIClient\M4PL.APIClient.csproj", "{45432255-74AE-45E3-BEEF-BAF721678C2E}"
EndProject
Project("{FAE04EC0-301F-11D3-BF4B-00C04F79EFBC}") = "M4PL.DataAccess", "M4PL.DataAccess\M4PL.DataAccess.csproj", "{F0D5498E-6D2E-4DF0-8D05-BB76516BED81}"
EndProject
Project("{FAE04EC0-301F-11D3-BF4B-00C04F79EFBC}") = "M4PL.Entities", "M4PL.Entities\M4PL.Entities.csproj", "{60651F0D-2334-4372-977A-FDFA87A80372}"
EndProject
Project("{FAE04EC0-301F-11D3-BF4B-00C04F79EFBC}") = "M4PL.Business", "M4PL.Business\M4PL.Business.csproj", "{7C185173-F2DD-4CE9-8840-C9CF7643D507}"
EndProject
Project("{FAE04EC0-301F-11D3-BF4B-00C04F79EFBC}") = "M4PL.Utilities", "M4PL.Utilities\M4PL.Utilities.csproj", "{3F5E804B-8ABD-4871-9EA6-4305D3195123}"
EndProject
Project("{FAE04EC0-301F-11D3-BF4B-00C04F79EFBC}") = "M4PL.API", "M4PL.API\M4PL.API.csproj", "{DC372BF9-A5BD-4C28-B413-ACC21854F8B4}"
EndProject
Project("{FAE04EC0-301F-11D3-BF4B-00C04F79EFBC}") = "M4PL.API.Tests", "M4PL.API.Tests\M4PL.API.Tests.csproj", "{63F218C4-9769-4F8A-A9E6-EEC2E97C0767}"
EndProject
Project("{FAE04EC0-301F-11D3-BF4B-00C04F79EFBC}") = "M4PL.Web", "M4PL.Web\M4PL.Web.csproj", "{84603796-0C10-4A49-9108-5C54573054A2}"
	ProjectSection(ProjectDependencies) = postProject
		{8289A840-B9FC-480B-85D4-1B22C2E073FF} = {8289A840-B9FC-480B-85D4-1B22C2E073FF}
	EndProjectSection
EndProject
Project("{FAE04EC0-301F-11D3-BF4B-00C04F79EFBC}") = "M4PL.Web.Tests", "M4PL.Web.Tests\M4PL.Web.Tests.csproj", "{A1359EDC-6319-4ADA-B46D-3080F8D0E00F}"
EndProject
Project("{FAE04EC0-301F-11D3-BF4B-00C04F79EFBC}") = "M4PL.EF", "M4PL.EF\M4PL.EF.csproj", "{8289A840-B9FC-480B-85D4-1B22C2E073FF}"
EndProject
Global
	GlobalSection(SolutionConfigurationPlatforms) = preSolution
		Debug|Any CPU = Debug|Any CPU
		Release|Any CPU = Release|Any CPU
	EndGlobalSection
	GlobalSection(ProjectConfigurationPlatforms) = postSolution
		{45432255-74AE-45E3-BEEF-BAF721678C2E}.Debug|Any CPU.ActiveCfg = Debug|Any CPU
		{45432255-74AE-45E3-BEEF-BAF721678C2E}.Debug|Any CPU.Build.0 = Debug|Any CPU
		{45432255-74AE-45E3-BEEF-BAF721678C2E}.Release|Any CPU.ActiveCfg = Release|Any CPU
		{45432255-74AE-45E3-BEEF-BAF721678C2E}.Release|Any CPU.Build.0 = Release|Any CPU
		{F0D5498E-6D2E-4DF0-8D05-BB76516BED81}.Debug|Any CPU.ActiveCfg = Debug|Any CPU
		{F0D5498E-6D2E-4DF0-8D05-BB76516BED81}.Debug|Any CPU.Build.0 = Debug|Any CPU
		{F0D5498E-6D2E-4DF0-8D05-BB76516BED81}.Release|Any CPU.ActiveCfg = Release|Any CPU
		{F0D5498E-6D2E-4DF0-8D05-BB76516BED81}.Release|Any CPU.Build.0 = Release|Any CPU
		{60651F0D-2334-4372-977A-FDFA87A80372}.Debug|Any CPU.ActiveCfg = Debug|Any CPU
		{60651F0D-2334-4372-977A-FDFA87A80372}.Debug|Any CPU.Build.0 = Debug|Any CPU
		{60651F0D-2334-4372-977A-FDFA87A80372}.Release|Any CPU.ActiveCfg = Release|Any CPU
		{60651F0D-2334-4372-977A-FDFA87A80372}.Release|Any CPU.Build.0 = Release|Any CPU
		{7C185173-F2DD-4CE9-8840-C9CF7643D507}.Debug|Any CPU.ActiveCfg = Debug|Any CPU
		{7C185173-F2DD-4CE9-8840-C9CF7643D507}.Debug|Any CPU.Build.0 = Debug|Any CPU
		{7C185173-F2DD-4CE9-8840-C9CF7643D507}.Release|Any CPU.ActiveCfg = Release|Any CPU
		{7C185173-F2DD-4CE9-8840-C9CF7643D507}.Release|Any CPU.Build.0 = Release|Any CPU
		{3F5E804B-8ABD-4871-9EA6-4305D3195123}.Debug|Any CPU.ActiveCfg = Debug|Any CPU
		{3F5E804B-8ABD-4871-9EA6-4305D3195123}.Debug|Any CPU.Build.0 = Debug|Any CPU
		{3F5E804B-8ABD-4871-9EA6-4305D3195123}.Release|Any CPU.ActiveCfg = Release|Any CPU
		{3F5E804B-8ABD-4871-9EA6-4305D3195123}.Release|Any CPU.Build.0 = Release|Any CPU
		{DC372BF9-A5BD-4C28-B413-ACC21854F8B4}.Debug|Any CPU.ActiveCfg = Debug|Any CPU
		{DC372BF9-A5BD-4C28-B413-ACC21854F8B4}.Debug|Any CPU.Build.0 = Debug|Any CPU
		{DC372BF9-A5BD-4C28-B413-ACC21854F8B4}.Release|Any CPU.ActiveCfg = Release|Any CPU
		{DC372BF9-A5BD-4C28-B413-ACC21854F8B4}.Release|Any CPU.Build.0 = Release|Any CPU
		{63F218C4-9769-4F8A-A9E6-EEC2E97C0767}.Debug|Any CPU.ActiveCfg = Debug|Any CPU
		{63F218C4-9769-4F8A-A9E6-EEC2E97C0767}.Debug|Any CPU.Build.0 = Debug|Any CPU
		{63F218C4-9769-4F8A-A9E6-EEC2E97C0767}.Release|Any CPU.ActiveCfg = Release|Any CPU
		{63F218C4-9769-4F8A-A9E6-EEC2E97C0767}.Release|Any CPU.Build.0 = Release|Any CPU
		{84603796-0C10-4A49-9108-5C54573054A2}.Debug|Any CPU.ActiveCfg = Debug|Any CPU
		{84603796-0C10-4A49-9108-5C54573054A2}.Debug|Any CPU.Build.0 = Debug|Any CPU
		{84603796-0C10-4A49-9108-5C54573054A2}.Release|Any CPU.ActiveCfg = Release|Any CPU
		{84603796-0C10-4A49-9108-5C54573054A2}.Release|Any CPU.Build.0 = Release|Any CPU
		{A1359EDC-6319-4ADA-B46D-3080F8D0E00F}.Debug|Any CPU.ActiveCfg = Debug|Any CPU
		{A1359EDC-6319-4ADA-B46D-3080F8D0E00F}.Debug|Any CPU.Build.0 = Debug|Any CPU
		{A1359EDC-6319-4ADA-B46D-3080F8D0E00F}.Release|Any CPU.ActiveCfg = Release|Any CPU
		{A1359EDC-6319-4ADA-B46D-3080F8D0E00F}.Release|Any CPU.Build.0 = Release|Any CPU
		{8289A840-B9FC-480B-85D4-1B22C2E073FF}.Debug|Any CPU.ActiveCfg = Debug|Any CPU
		{8289A840-B9FC-480B-85D4-1B22C2E073FF}.Debug|Any CPU.Build.0 = Debug|Any CPU
		{8289A840-B9FC-480B-85D4-1B22C2E073FF}.Release|Any CPU.ActiveCfg = Release|Any CPU
		{8289A840-B9FC-480B-85D4-1B22C2E073FF}.Release|Any CPU.Build.0 = Release|Any CPU
	EndGlobalSection
	GlobalSection(SolutionProperties) = preSolution
		HideSolutionNode = FALSE
	EndGlobalSection
	GlobalSection(ExtensibilityGlobals) = postSolution
		SolutionGuid = {3CD0CC9B-2695-490E-AABD-323F0AA4CDF4}
	EndGlobalSection
EndGlobal
